
Microsoft Visual Studio Solution File, Format Version 12.00
# Visual Studio 15
VisualStudioVersion = 15.0.26430.14
MinimumVisualStudioVersion = 10.0.40219.1
Project("{9A19103F-16F7-4668-BE54-9A1E7A4F7556}") = "Eschool.API", "Eschool\Eschool.API.csproj", "{F80B1226-EA35-4C1D-84C9-70A4510E6217}"
EndProject
Project("{9A19103F-16F7-4668-BE54-9A1E7A4F7556}") = "Eschool.Model", "Eschool.Model\Eschool.Model.csproj", "{F0BA9180-567C-42FA-A0AB-9DAA81DFEE0E}"
EndProject
Project("{9A19103F-16F7-4668-BE54-9A1E7A4F7556}") = "Eschool.Data", "Eschool.Data\Eschool.Data.csproj", "{3A4A34CA-DB0F-403B-A771-3007E4AB4614}"
EndProject
Global
	GlobalSection(SolutionConfigurationPlatforms) = preSolution
		Debug|Any CPU = Debug|Any CPU
		Release|Any CPU = Release|Any CPU
	EndGlobalSection
	GlobalSection(ProjectConfigurationPlatforms) = postSolution
		{F80B1226-EA35-4C1D-84C9-70A4510E6217}.Debug|Any CPU.ActiveCfg = Debug|Any CPU
		{F80B1226-EA35-4C1D-84C9-70A4510E6217}.Debug|Any CPU.Build.0 = Debug|Any CPU
		{F80B1226-EA35-4C1D-84C9-70A4510E6217}.Release|Any CPU.ActiveCfg = Release|Any CPU
		{F80B1226-EA35-4C1D-84C9-70A4510E6217}.Release|Any CPU.Build.0 = Release|Any CPU
		{F0BA9180-567C-42FA-A0AB-9DAA81DFEE0E}.Debug|Any CPU.ActiveCfg = Debug|Any CPU
		{F0BA9180-567C-42FA-A0AB-9DAA81DFEE0E}.Debug|Any CPU.Build.0 = Debug|Any CPU
		{F0BA9180-567C-42FA-A0AB-9DAA81DFEE0E}.Release|Any CPU.ActiveCfg = Release|Any CPU
		{F0BA9180-567C-42FA-A0AB-9DAA81DFEE0E}.Release|Any CPU.Build.0 = Release|Any CPU
		{3A4A34CA-DB0F-403B-A771-3007E4AB4614}.Debug|Any CPU.ActiveCfg = Debug|Any CPU
		{3A4A34CA-DB0F-403B-A771-3007E4AB4614}.Debug|Any CPU.Build.0 = Debug|Any CPU
		{3A4A34CA-DB0F-403B-A771-3007E4AB4614}.Release|Any CPU.ActiveCfg = Release|Any CPU
		{3A4A34CA-DB0F-403B-A771-3007E4AB4614}.Release|Any CPU.Build.0 = Release|Any CPU
	EndGlobalSection
	GlobalSection(SolutionProperties) = preSolution
		HideSolutionNode = FALSE
	EndGlobalSection
EndGlobal
